
Microsoft Visual Studio Solution File, Format Version 12.00
# Visual Studio Version 17
VisualStudioVersion = 17.3.32901.215
MinimumVisualStudioVersion = 10.0.40219.1
Project("{FAE04EC0-301F-11D3-BF4B-00C04F79EFBC}") = "MTV_Hesapla", "MTV_Hesapla\MTV_Hesapla.csproj", "{3B9627D5-6EB6-4134-9822-F961D0A2AAFE}"
EndProject
Global
	GlobalSection(SolutionConfigurationPlatforms) = preSolution
		Debug|Any CPU = Debug|Any CPU
		Release|Any CPU = Release|Any CPU
	EndGlobalSection
	GlobalSection(ProjectConfigurationPlatforms) = postSolution
		{3B9627D5-6EB6-4134-9822-F961D0A2AAFE}.Debug|Any CPU.ActiveCfg = Debug|Any CPU
		{3B9627D5-6EB6-4134-9822-F961D0A2AAFE}.Debug|Any CPU.Build.0 = Debug|Any CPU
		{3B9627D5-6EB6-4134-9822-F961D0A2AAFE}.Release|Any CPU.ActiveCfg = Release|Any CPU
		{3B9627D5-6EB6-4134-9822-F961D0A2AAFE}.Release|Any CPU.Build.0 = Release|Any CPU
	EndGlobalSection
	GlobalSection(SolutionProperties) = preSolution
		HideSolutionNode = FALSE
	EndGlobalSection
	GlobalSection(ExtensibilityGlobals) = postSolution
		SolutionGuid = {ED4F721F-D92A-4464-84FE-095276AE64D8}
	EndGlobalSection
EndGlobal
